# THIS IS AN AUTOGENERATED FILE. DO NOT EDIT THIS FILE DIRECTLY.
# yarn lockfile v1


"@types/aws-lambda@^8.10.92":
  version "8.10.116"
  resolved "https://registry.yarnpkg.com/@types/aws-lambda/-/aws-lambda-8.10.116.tgz#fe687effddd8c55b182ee4e63f221c174e788be2"
  integrity sha512-LSvIyxYCsIMOiBnb5D6HTf7JXLCh3KPiZWL6Pkn1MqV/v5OoP42GDqn5H4wHKGGKN0mJB+4y1r0oat1dLBAkuA==
